{
    "_meta": {
        "hash": {
            "sha256": "cb3aaeb486e476aa8250332697030fe21b08a8ee6bae4f3238598c6a94ebd202"
        },
        "pipfile-spec": 6,
        "requires": {
            "python_version": "3.9"
        },
        "sources": [
            {
                "name": "pypi",
                "url": "https://pypi.org/simple",
                "verify_ssl": true
            }
        ]
    },
    "default": {
        "aniso8601": {
            "hashes": [
                "sha256:513d2b6637b7853806ae79ffaca6f3e8754bdd547048f5ccc1420aec4b714f1e",
                "sha256:d10a4bf949f619f719b227ef5386e31f49a2b6d453004b21f02661ccc8670c7b"
            ],
            "version": "==7.0.0"
        },
        "asgiref": {
            "hashes": [
                "sha256:3e1e3ecc849832fe52ccf2cb6686b7a55f82bb1d6aee72a58826471390335e47",
                "sha256:c343bd80a0bec947a9860adb4c432ffa7db769836c64238fc34bdc3fec84d590"
            ],
            "markers": "python_version >= '3.8'",
            "version": "==3.8.1"
        },
        "cbor2": {
            "hashes": [
                "sha256:3038523b8fc7de312bb9cdcbbbd599987e64307c4db357cd2030c472a6c7d468",
                "sha256:34cf5ab0dc310c3d0196caa6ae062dc09f6c242e2544bea01691fe60c0230596",
                "sha256:37096663a5a1c46a776aea44906cbe5fa3952f29f50f349179c00525d321c862",
                "sha256:38886c41bebcd7dca57739439455bce759f1e4c551b511f618b8e9c1295b431b",
                "sha256:3d1a18b3a58dcd9b40ab55c726160d4a6b74868f2a35b71f9e726268b46dc6a2",
                "sha256:4586a4f65546243096e56a3f18f29d60752ee9204722377021b3119a03ed99ff",
                "sha256:47261f54a024839ec649b950013c4de5b5f521afe592a2688eebbe22430df1dc",
                "sha256:54c72a3207bb2d4480c2c39dad12d7971ce0853a99e3f9b8d559ce6eac84f66f",
                "sha256:559dcf0d897260a9e95e7b43556a62253e84550b77147a1ad4d2c389a2a30192",
                "sha256:5b856fda4c50c5bc73ed3664e64211fa4f015970ed7a15a4d6361bd48462feaf",
                "sha256:5ce13a27ef8fddf643fc17a753fe34aa72b251d03c23da6a560c005dc171085b",
                "sha256:5cff06464b8f4ca6eb9abcba67bda8f8334a058abc01005c8e616728c387ad32",
                "sha256:61ceb77e6aa25c11c814d4fe8ec9e3bac0094a1f5bd8a2a8c95694596ea01e08",
                "sha256:66dd25dd919cddb0b36f97f9ccfa51947882f064729e65e6bef17c28535dc459",
                "sha256:6797b824b26a30794f2b169c0575301ca9b74ae99064e71d16e6ba0c9057de51",
                "sha256:6e14a1bf6269d25e02ef1d4008e0ce8880aa271d7c6b4c329dba48645764f60e",
                "sha256:73b9647eed1493097db6aad61e03d8f1252080ee041a1755de18000dd2c05f37",
                "sha256:7488aec919f8408f9987a3a32760bd385d8628b23a35477917aa3923ff6ad45f",
                "sha256:7f6d69f38f7d788b04c09ef2b06747536624b452b3c8b371ab78ad43b0296fab",
                "sha256:824f202b556fc204e2e9a67d6d6d624e150fbd791278ccfee24e68caec578afd",
                "sha256:863e0983989d56d5071270790e7ed8ddbda88c9e5288efdb759aba2efee670bc",
                "sha256:87026fc838370d69f23ed8572939bd71cea2b3f6c8f8bb8283f573374b4d7f33",
                "sha256:8f747b7a9aaa58881a0c5b4cd4a9b8fb27eca984ed261a769b61de1f6b5bd1e6",
                "sha256:90bfa36944caccec963e6ab7e01e64e31cc6664535dc06e6295ee3937c999cbb",
                "sha256:93676af02bd9a0b4a62c17c5b20f8e9c37b5019b1a24db70a2ee6cb770423568",
                "sha256:94885903105eec66d7efb55f4ce9884fdc5a4d51f3bd75b6fedc68c5c251511b",
                "sha256:97a7e409b864fecf68b2ace8978eb5df1738799a333ec3ea2b9597bfcdd6d7d2",
                "sha256:a34ee99e86b17444ecbe96d54d909dd1a20e2da9f814ae91b8b71cf1ee2a95e4",
                "sha256:a3ac50485cf67dfaab170a3e7b527630e93cb0a6af8cdaa403054215dff93adf",
                "sha256:a83b76367d1c3e69facbcb8cdf65ed6948678e72f433137b41d27458aa2a40cb",
                "sha256:a88f029522aec5425fc2f941b3df90da7688b6756bd3f0472ab886d21208acbd",
                "sha256:a8947c102cac79d049eadbd5e2ffb8189952890df7cbc3ee262bbc2f95b011a9",
                "sha256:ae2b49226224e92851c333b91d83292ec62eba53a19c68a79890ce35f1230d70",
                "sha256:b682820677ee1dbba45f7da11898d2720f92e06be36acec290867d5ebf3d7e09",
                "sha256:b9d15b638539b68aa5d5eacc56099b4543a38b2d2c896055dccf7e83d24b7955",
                "sha256:e16c4a87fc999b4926f5c8f6c696b0d251b4745bc40f6c5aee51d69b30b15ca2",
                "sha256:e25c2aebc9db99af7190e2261168cdde8ed3d639ca06868e4f477cf3a228a8e9",
                "sha256:f0d0a9c5aabd48ecb17acf56004a7542a0b8d8212be52f3102b8218284bd881e",
                "sha256:f2764804ffb6553283fc4afb10a280715905a4cea4d6dc7c90d3e89c4a93bc8d",
                "sha256:f4c7dbcdc59ea7f5a745d3e30ee5e6b6ff5ce7ac244aa3de6786391b10027bb3",
                "sha256:f91e6d74fa6917df31f8757fdd0e154203b0dd0609ec53eb957016a2b474896a",
                "sha256:fa61a02995f3a996c03884cf1a0b5733f88cbfd7fa0e34944bf678d4227ee712",
                "sha256:fde21ac1cf29336a31615a2c469a9cb03cf0add3ae480672d4d38cda467d07fc",
                "sha256:fe11c2eb518c882cfbeed456e7a552e544893c17db66fe5d3230dbeaca6b615c"
            ],
            "index": "pypi",
            "markers": "python_version >= '3.8'",
            "version": "==5.6.5"
        },
        "django": {
            "hashes": [
                "sha256:1ddc333a16fc139fd253035a1606bb24261951bbc3a6ca256717fa06cc41a898",
                "sha256:6f1616c2786c408ce86ab7e10f792b8f15742f7b7b7460243929cb371e7f1dad"
            ],
            "index": "pypi",
            "markers": "python_version >= '3.8'",
            "version": "==4.2.16"
        },
        "django-configurations": {
            "hashes": [
                "sha256:6e5083757e2bbdf9bb7850567536b96a93515f6b17503d74928ff628db2e0e94",
                "sha256:ceb84858da2dac846b15e715c2fd936cfc4c7917c074aff8d31700564093955e"
            ],
            "index": "pypi",
            "markers": "python_version >= '3.8' and python_version < '4.0'",
            "version": "==2.5.1"
        },
        "graphene": {
            "hashes": [
                "sha256:3d446eb1237c551052bc31155cf1a3a607053e4f58c9172b83a1b597beaa0868",
                "sha256:b9f2850e064eebfee9a3ef4a1f8aa0742848d97652173ab44c82cc8a62b9ed93"
            ],
            "version": "==2.1.9"
        },
        "graphene-django": {
            "hashes": [
                "sha256:dcf650ebfae52c2e9927d6e8bb005d06366f710b17a015c821c920eda1270566",
                "sha256:ec89469ec94507c1ed998f85ee087d634ec489e20fe08a72893c3ca5e646fc14"
            ],
            "index": "pypi",
            "version": "==2.16.0"
        },
        "graphql-core": {
            "hashes": [
                "sha256:44c9bac4514e5e30c5a595fac8e3c76c1975cae14db215e8174c7fe995825bad",
                "sha256:aac46a9ac524c9855910c14c48fc5d60474def7f99fd10245e76608eba7af746"
            ],
            "version": "==2.3.2"
        },
        "graphql-relay": {
            "hashes": [
                "sha256:870b6b5304123a38a0b215a79eace021acce5a466bf40cd39fa18cb8528afabb",
                "sha256:ac514cb86db9a43014d7e73511d521137ac12cf0101b2eaa5f0a3da2e10d913d"
            ],
            "version": "==2.0.1"
        },
        "promise": {
            "hashes": [
                "sha256:dfd18337c523ba4b6a58801c164c1904a9d4d1b1747c7d5dbf45b693a49d93d0"
            ],
            "version": "==2.3"
        },
        "pysodium": {
            "hashes": [
                "sha256:781ada024456ac74c411193b82d94018c85c94130ea01a22dbec48b8ff458b07"
            ],
            "version": "==0.7.18"
        },
        "python-paseto": {
            "hashes": [
                "sha256:a27032ba706e9e0e44dc5af5723579935c5a45c1f1bb991023e0d53f258c4c89",
                "sha256:dcf7b4699e7c03c7e1ee7291cd0249a63aad11928a31fb6bd2efe36720d02ff4"
            ],
            "index": "pypi",
            "markers": "python_version >= '3.6' and python_version < '4.0'",
            "version": "==0.5.2"
        },
        "rx": {
            "hashes": [
                "sha256:ca71b65d0fc0603a3b5cfaa9e33f5ba81e4aae10a58491133595088d7734b2da"
            ],
            "version": "==1.6.3"
        },
        "singledispatch": {
            "hashes": [
                "sha256:6061bd291204beaeac90cdbc342b68d213b7a6efb44ae6c5e6422a78be351c8a",
                "sha256:f3430b886d5b4213d07d715096a75da5e4a8105284c497b9aee6d6d48bfe90cb"
            ],
            "markers": "python_version >= '3.8'",
            "version": "==4.1.0"
        },
        "six": {
            "hashes": [
                "sha256:1e61c37477a1626458e36f7b1d82aa5c9b094fa4802892072e49de9c60c4c926",
                "sha256:8abb2f1d86890a2dfb989f9a77cfcfd3e47c2a354b01111771326f8aa26e0254"
            ],
            "markers": "python_version >= '2.7' and python_version not in '3.0, 3.1, 3.2'",
            "version": "==1.16.0"
        },
        "sqlparse": {
            "hashes": [
                "sha256:773dcbf9a5ab44a090f3441e2180efe2560220203dc2f8c0b0fa141e18b505e4",
                "sha256:bb6b4df465655ef332548e24f08e205afc81b9ab86cb1c45657a7ff173a3a00e"
            ],
            "markers": "python_version >= '3.8'",
            "version": "==0.5.1"
        },
        "text-unidecode": {
            "hashes": [
                "sha256:1311f10e8b895935241623731c2ba64f4c455287888b18189350b67134a822e8",
                "sha256:bad6603bb14d279193107714b288be206cac565dfa49aa5b105294dd5c4aab93"
            ],
            "version": "==1.3"
        },
        "typing-extensions": {
            "hashes": [
                "sha256:04e5ca0351e0f3f85c6853954072df659d0d13fac324d0072316b67d7794700d",
                "sha256:1a7ead55c7e559dd4dee8856e3a88b41225abfe1ce8df57b7c13915fe121ffb8"
            ],
            "markers": "python_version < '3.11'",
            "version": "==4.12.2"
        },
        "whitenoise": {
            "hashes": [
                "sha256:d234b871b52271ae7ed6d9da47ffe857c76568f11dd30e28e18c5869dbd11e12",
                "sha256:d963ef25639d1417e8a247be36e6aedd8c7c6f0a08adcb5a89146980a96b577c"
            ],
            "index": "pypi",
            "markers": "python_version >= '3.5' and python_version < '4'",
            "version": "==5.3.0"
        }
    },
    "develop": {}
}
